<?xml version="1.0" encoding="utf-8"?>
<Project ToolsVersion="4.0" xmlns="http://schemas.microsoft.com/developer/msbuild/2003">
  <ItemGroup>
    <Filter Include="Source Files">
      <UniqueIdentifier>{4FC737F1-C7A5-4376-A066-2A32D752A2FF}</UniqueIdentifier>
      <Extensions>cpp;c;cc;cxx;def;odl;idl;hpj;bat;asm;asmx</Extensions>
    </Filter>
    <Filter Include="Graphics">
      <UniqueIdentifier>{a7e48142-850f-4326-bb07-e54977dfe9fc}</UniqueIdentifier>
    </Filter>
    <Filter Include="Game">
      <UniqueIdentifier>{214f2585-5602-4e9b-912d-2b7bf764a63f}</UniqueIdentifier>
    </Filter>
  </ItemGroup>
  <ItemGroup>
    <ClCompile Include="Core.cpp">
      <Filter>Source Files</Filter>
    </ClCompile>
    <ClCompile Include="Keyboard.cpp">
      <Filter>Graphics</Filter>
    </ClCompile>
    <ClCompile Include="Mouse.cpp">
      <Filter>Graphics</Filter>
    </ClCompile>
    <ClCompile Include="Configuration.cpp">
      <Filter>Graphics</Filter>
    </ClCompile>
    <ClCompile Include="Board.cpp">
      <Filter>Game</Filter>
    </ClCompile>
    <ClCompile Include="Piece.cpp">
      <Filter>Game</Filter>
    </ClCompile>
    <ClCompile Include="Draw.cpp">
      <Filter>Graphics</Filter>
    </ClCompile>
  </ItemGroup>
  <ItemGroup>
    <ClInclude Include="Keyboard.h">
      <Filter>Graphics</Filter>
    </ClInclude>
    <ClInclude Include="Mouse.h">
      <Filter>Graphics</Filter>
    </ClInclude>
    <ClInclude Include="Configuration.h">
      <Filter>Graphics</Filter>
    </ClInclude>
    <ClInclude Include="Board.h">
      <Filter>Game</Filter>
    </ClInclude>
    <ClInclude Include="Piece.h">
      <Filter>Game</Filter>
    </ClInclude>
    <ClInclude Include="Block.h">
      <Filter>Game</Filter>
    </ClInclude>
    <ClInclude Include="Draw.h">
      <Filter>Graphics</Filter>
    </ClInclude>
  </ItemGroup>
</Project>